
Microsoft Visual Studio Solution File, Format Version 12.00
# Visual Studio Version 16
VisualStudioVersion = 16.0.31320.298
MinimumVisualStudioVersion = 10.0.40219.1
Project("{9A19103F-16F7-4668-BE54-9A1E7A4F7556}") = "teams-ess", "teams-ess\teams-ess.csproj", "{B751858A-3204-4CEB-BF45-05834E539E59}"
EndProject
Project("{9A19103F-16F7-4668-BE54-9A1E7A4F7556}") = "Celin.ESS", "Celin.ESS\Celin.ESS.csproj", "{0BB510E5-77AA-4CF1-BDDE-A927A35430D5}"
EndProject
Project("{9A19103F-16F7-4668-BE54-9A1E7A4F7556}") = "Test", "Test\Test.csproj", "{332187D1-DB91-464D-ADA7-1F7A695CEB21}"
EndProject
Global
	GlobalSection(SolutionConfigurationPlatforms) = preSolution
		Debug|Any CPU = Debug|Any CPU
		Release|Any CPU = Release|Any CPU
	EndGlobalSection
	GlobalSection(ProjectConfigurationPlatforms) = postSolution
		{B751858A-3204-4CEB-BF45-05834E539E59}.Debug|Any CPU.ActiveCfg = Debug|Any CPU
		{B751858A-3204-4CEB-BF45-05834E539E59}.Debug|Any CPU.Build.0 = Debug|Any CPU
		{B751858A-3204-4CEB-BF45-05834E539E59}.Release|Any CPU.ActiveCfg = Release|Any CPU
		{B751858A-3204-4CEB-BF45-05834E539E59}.Release|Any CPU.Build.0 = Release|Any CPU
		{0BB510E5-77AA-4CF1-BDDE-A927A35430D5}.Debug|Any CPU.ActiveCfg = Debug|Any CPU
		{0BB510E5-77AA-4CF1-BDDE-A927A35430D5}.Debug|Any CPU.Build.0 = Debug|Any CPU
		{0BB510E5-77AA-4CF1-BDDE-A927A35430D5}.Release|Any CPU.ActiveCfg = Release|Any CPU
		{0BB510E5-77AA-4CF1-BDDE-A927A35430D5}.Release|Any CPU.Build.0 = Release|Any CPU
		{332187D1-DB91-464D-ADA7-1F7A695CEB21}.Debug|Any CPU.ActiveCfg = Debug|Any CPU
		{332187D1-DB91-464D-ADA7-1F7A695CEB21}.Debug|Any CPU.Build.0 = Debug|Any CPU
		{332187D1-DB91-464D-ADA7-1F7A695CEB21}.Release|Any CPU.ActiveCfg = Release|Any CPU
		{332187D1-DB91-464D-ADA7-1F7A695CEB21}.Release|Any CPU.Build.0 = Release|Any CPU
	EndGlobalSection
	GlobalSection(SolutionProperties) = preSolution
		HideSolutionNode = FALSE
	EndGlobalSection
	GlobalSection(ExtensibilityGlobals) = postSolution
		SolutionGuid = {CD712310-4F32-492B-8709-D69D11651D21}
	EndGlobalSection
EndGlobal
